
Microsoft Visual Studio Solution File, Format Version 12.00
# Visual Studio 15
VisualStudioVersion = 15.0.28010.2036
MinimumVisualStudioVersion = 10.0.40219.1
Project("{FAE04EC0-301F-11D3-BF4B-00C04F79EFBC}") = "FlowerShop", "rac\FlowerShop.csproj", "{1CAC21CB-C87A-4180-9072-D20F6D85F047}"
EndProject
Global
	GlobalSection(SolutionConfigurationPlatforms) = preSolution
		Debug|Any CPU = Debug|Any CPU
		Release|Any CPU = Release|Any CPU
	EndGlobalSection
	GlobalSection(ProjectConfigurationPlatforms) = postSolution
		{1CAC21CB-C87A-4180-9072-D20F6D85F047}.Debug|Any CPU.ActiveCfg = Debug|Any CPU
		{1CAC21CB-C87A-4180-9072-D20F6D85F047}.Debug|Any CPU.Build.0 = Debug|Any CPU
		{1CAC21CB-C87A-4180-9072-D20F6D85F047}.Release|Any CPU.ActiveCfg = Release|Any CPU
		{1CAC21CB-C87A-4180-9072-D20F6D85F047}.Release|Any CPU.Build.0 = Release|Any CPU
	EndGlobalSection
	GlobalSection(SolutionProperties) = preSolution
		HideSolutionNode = FALSE
	EndGlobalSection
	GlobalSection(ExtensibilityGlobals) = postSolution
		SolutionGuid = {065FCECB-AC17-4230-89B6-854EBC188D86}
	EndGlobalSection
EndGlobal
